
Microsoft Visual Studio Solution File, Format Version 12.00
# Visual Studio Version 16
VisualStudioVersion = 16.0.33927.289
MinimumVisualStudioVersion = 10.0.40219.1
Project("{2150E333-8FDC-42A3-9474-1A3956D46DE8}") = "Task0", "Task0", "{D5E64386-20C1-4C57-80DD-974401622329}"
EndProject
Project("{FAE04EC0-301F-11D3-BF4B-00C04F79EFBC}") = "Tyuiu.GoogeRA.Sprint2.Task0.V12.Test", "Tyuiu.GoogeRA.Sprint2.Task0.V12.Test\Tyuiu.GoogeRA.Sprint2.Task0.V12.Test.csproj", "{24FFF0E7-DF02-45B3-AE79-5027E5214213}"
EndProject
Project("{FAE04EC0-301F-11D3-BF4B-00C04F79EFBC}") = "Tyuiu.GoogeRA.Sprint2.Task0.V12.Lib", "Tyuiu.GoogeRA.Sprint2.Task0.V12.Lib\Tyuiu.GoogeRA.Sprint2.Task0.V12.Lib.csproj", "{B8F856DE-108C-4186-91BC-9DBCEDC0001D}"
EndProject
Project("{FAE04EC0-301F-11D3-BF4B-00C04F79EFBC}") = "Tyuiu.GoogeRA.Sprint2.Task0.V12", "Tyuiu.GoogeRA.Sprint2.Task0.V12\Tyuiu.GoogeRA.Sprint2.Task0.V12.csproj", "{95867699-6ED8-4871-8E3B-2E177D9D2CAB}"
EndProject
Project("{2150E333-8FDC-42A3-9474-1A3956D46DE8}") = "Task1", "Task1", "{3A03330C-2E14-4B61-9158-EAF037B748AF}"
EndProject
Project("{FAE04EC0-301F-11D3-BF4B-00C04F79EFBC}") = "Tyuiu.GoogeRA.Sprint2.Task1.V8", "Tyuiu.GoogeRA.Sprint2.Task1.V8\Tyuiu.GoogeRA.Sprint2.Task1.V8.csproj", "{D3EF0CAB-E3D9-4DD9-8445-071E9C7E82DA}"
EndProject
Project("{FAE04EC0-301F-11D3-BF4B-00C04F79EFBC}") = "Tyuiu.GoogeRA.Sprint2.Task1.V8.Lib", "Tyuiu.GoogeRA.Sprint2.Task1.V8.Lib\Tyuiu.GoogeRA.Sprint2.Task1.V8.Lib.csproj", "{2D1BA8C9-6FC9-4020-9842-AB516748134D}"
EndProject
Project("{FAE04EC0-301F-11D3-BF4B-00C04F79EFBC}") = "Tyuiu.GoogeRA.Sprint2.Task1.V8.Test", "Tyuiu.GoogeRA.Sprint2.Task1.V8.Test\Tyuiu.GoogeRA.Sprint2.Task1.V8.Test.csproj", "{0A7FD302-6FCA-4062-B775-1DF0F77CC654}"
EndProject
Project("{2150E333-8FDC-42A3-9474-1A3956D46DE8}") = "Task2", "Task2", "{0400A1A4-8BC7-4B12-8B45-93A348E0A105}"
EndProject
Project("{FAE04EC0-301F-11D3-BF4B-00C04F79EFBC}") = "Tyuiu.GoogeRA.Sprint2.Task2.V29", "Tyuiu.GoogeRA.Sprint2.Task2.V29\Tyuiu.GoogeRA.Sprint2.Task2.V29.csproj", "{EAB358EB-4578-4A05-BE60-4FDDD3753F60}"
EndProject
Project("{FAE04EC0-301F-11D3-BF4B-00C04F79EFBC}") = "Tyuiu.GoogeRA.Sprint2.Task2.V29.Test", "Tyuiu.GoogeRA.Sprint2.Task2.V29.Test\Tyuiu.GoogeRA.Sprint2.Task2.V29.Test.csproj", "{F0FA2E4C-54FC-43B3-88D4-F5D7C421A076}"
EndProject
Project("{FAE04EC0-301F-11D3-BF4B-00C04F79EFBC}") = "Tyuiu.GoogeRA.Sprint2.Task2.V29.Lib", "Tyuiu.GoogeRA.Sprint2.Task2.V29.Lib\Tyuiu.GoogeRA.Sprint2.Task2.V29.Lib.csproj", "{A079A014-C9CF-453E-9291-9831DE0F77C0}"
EndProject
Project("{2150E333-8FDC-42A3-9474-1A3956D46DE8}") = "Task3", "Task3", "{17F24E68-F8E3-4BC3-A19E-9FCFAAA57FCB}"
EndProject
Project("{FAE04EC0-301F-11D3-BF4B-00C04F79EFBC}") = "Tyuiu.GoogeRA.Sprint2.Task3.V19", "Tyuiu.GoogeRA.Sprint2.Task3.V19\Tyuiu.GoogeRA.Sprint2.Task3.V19.csproj", "{C2510F16-C1B1-4A68-B4CB-A2E2F9059E52}"
EndProject
Project("{FAE04EC0-301F-11D3-BF4B-00C04F79EFBC}") = "Tyuiu.GoogeRA.Sprint2.Task3.V19.Lib", "Tyuiu.GoogeRA.Sprint2.Task3.V19.Lib\Tyuiu.GoogeRA.Sprint2.Task3.V19.Lib.csproj", "{4461EE38-249D-431D-BB71-AD378FB9D9C0}"
EndProject
Project("{FAE04EC0-301F-11D3-BF4B-00C04F79EFBC}") = "Tyuiu.GoogeRA.Sprint2.Task3.V19.Test", "Tyuiu.GoogeRA.Sprint2.Task3.V19.Test\Tyuiu.GoogeRA.Sprint2.Task3.V19.Test.csproj", "{3D030354-76C2-41D9-8D5F-D50C6EDA46B7}"
EndProject
Project("{2150E333-8FDC-42A3-9474-1A3956D46DE8}") = "Task4", "Task4", "{6621E368-7E74-421B-A12D-3D27FB7E8101}"
EndProject
Project("{FAE04EC0-301F-11D3-BF4B-00C04F79EFBC}") = "Tyuiu.GoogeRA.Sprint2.Task4.V3", "Tyuiu.GoogeRA.Sprint2.Task4.V3\Tyuiu.GoogeRA.Sprint2.Task4.V3.csproj", "{8D0D53A7-90C1-422C-9C34-212E15BD511C}"
EndProject
Project("{FAE04EC0-301F-11D3-BF4B-00C04F79EFBC}") = "Tyuiu.GoogeRA.Sprint2.Task4.V3.Test", "Tyuiu.GoogeRA.Sprint2.Task4.V3.Test\Tyuiu.GoogeRA.Sprint2.Task4.V3.Test.csproj", "{5A7D0FF9-18D5-4668-BB25-BE914D9314E9}"
EndProject
Project("{FAE04EC0-301F-11D3-BF4B-00C04F79EFBC}") = "Tyuiu.GoogeRA.Sprint2.Task4.V3.Lib", "Tyuiu.GoogeRA.Sprint2.Task4.V3.Lib\Tyuiu.GoogeRA.Sprint2.Task4.V3.Lib.csproj", "{AB5690BC-E094-4008-B9EA-82B2A7D07BBB}"
EndProject
Project("{2150E333-8FDC-42A3-9474-1A3956D46DE8}") = "Task5", "Task5", "{914FF933-2A8C-4C3C-949B-9A3F26AE9D44}"
EndProject
Project("{FAE04EC0-301F-11D3-BF4B-00C04F79EFBC}") = "Tyuiu.GoogeRA.Sprint2.Task5.V11", "Tyuiu.GoogeRA.Sprint2.Task5.V11\Tyuiu.GoogeRA.Sprint2.Task5.V11.csproj", "{6E4B7D27-F209-43AE-BC7A-E47222857FBF}"
EndProject
Project("{FAE04EC0-301F-11D3-BF4B-00C04F79EFBC}") = "Tyuiu.GoogRA.Sprint2.Task5.V11.Lib", "Tyuiu.GoogRA.Sprint2.Task5.V11.Lib\Tyuiu.GoogRA.Sprint2.Task5.V11.Lib.csproj", "{68D051D3-38BF-4403-B414-33437E71EB0F}"
EndProject
Project("{FAE04EC0-301F-11D3-BF4B-00C04F79EFBC}") = "Tyuiu.GoogeRA.Sprint2.Task5.V11.Test", "Tyuiu.GoogeRA.Sprint2.Task5.V11.Test\Tyuiu.GoogeRA.Sprint2.Task5.V11.Test.csproj", "{3EE8D842-F5C6-4D07-8930-9F08CB9CA9F6}"
EndProject
Project("{2150E333-8FDC-42A3-9474-1A3956D46DE8}") = "Task6", "Task6", "{E3C5D629-A1C2-443F-8BC2-D41002F03303}"
EndProject
Project("{FAE04EC0-301F-11D3-BF4B-00C04F79EFBC}") = "Tyuiu.GoogeRA.Sprint2.Task6.V10", "Tyuiu.GoogeRA.Sprint2.Task6.V10\Tyuiu.GoogeRA.Sprint2.Task6.V10.csproj", "{B9B79EAB-50FE-4230-8671-E498EF06FB37}"
EndProject
Project("{FAE04EC0-301F-11D3-BF4B-00C04F79EFBC}") = "Tyuiu.GoogeRA.Sprint2.Task6.V10.Test", "Tyuiu.GoogeRA.Sprint2.Task6.V10.Test\Tyuiu.GoogeRA.Sprint2.Task6.V10.Test.csproj", "{512C9A18-1A8D-478F-88F9-876B9B4DABB3}"
EndProject
Project("{FAE04EC0-301F-11D3-BF4B-00C04F79EFBC}") = "Tyuiu.GoogeRA.Sprint2.Task6.V10.Lib", "Tyuiu.GoogeRA.Sprint2.Task6.V10.Lib\Tyuiu.GoogeRA.Sprint2.Task6.V10.Lib.csproj", "{4CC549AB-E94E-4D7C-AB97-346D7B88BB64}"
EndProject
Project("{2150E333-8FDC-42A3-9474-1A3956D46DE8}") = "Task7", "Task7", "{079E3407-0B2C-49BB-95E4-11AC6D116A66}"
EndProject
Project("{FAE04EC0-301F-11D3-BF4B-00C04F79EFBC}") = "Tyuiu.GoogeRA.Sprint2.Task7.V3.Lib", "Tyuiu.GoogeRA.Sprint2.Task7.V3.Lib\Tyuiu.GoogeRA.Sprint2.Task7.V3.Lib.csproj", "{B8910465-11F8-4AA7-9445-B125E62BB279}"
EndProject
Project("{FAE04EC0-301F-11D3-BF4B-00C04F79EFBC}") = "Tyuiu.GoogeRA.Sprint2.Task7.V3", "Tyuiu.GoogeRA.Sprint2.Task7.V3\Tyuiu.GoogeRA.Sprint2.Task7.V3.csproj", "{BBEE682B-8991-45DC-825C-0ED49B6CA9A2}"
EndProject
Project("{FAE04EC0-301F-11D3-BF4B-00C04F79EFBC}") = "Tyuiu.GoogeRA.Sprint2.Task7.V3.Test", "Tyuiu.GoogeRA.Sprint2.Task7.V3.Test\Tyuiu.GoogeRA.Sprint2.Task7.V3.Test.csproj", "{1F97F306-D6F8-4A90-AD1C-E7A0D6983AA5}"
EndProject
Global
	GlobalSection(SolutionConfigurationPlatforms) = preSolution
		Debug|Any CPU = Debug|Any CPU
		Release|Any CPU = Release|Any CPU
	EndGlobalSection
	GlobalSection(ProjectConfigurationPlatforms) = postSolution
		{24FFF0E7-DF02-45B3-AE79-5027E5214213}.Debug|Any CPU.ActiveCfg = Debug|Any CPU
		{24FFF0E7-DF02-45B3-AE79-5027E5214213}.Debug|Any CPU.Build.0 = Debug|Any CPU
		{24FFF0E7-DF02-45B3-AE79-5027E5214213}.Release|Any CPU.ActiveCfg = Release|Any CPU
		{24FFF0E7-DF02-45B3-AE79-5027E5214213}.Release|Any CPU.Build.0 = Release|Any CPU
		{B8F856DE-108C-4186-91BC-9DBCEDC0001D}.Debug|Any CPU.ActiveCfg = Debug|Any CPU
		{B8F856DE-108C-4186-91BC-9DBCEDC0001D}.Debug|Any CPU.Build.0 = Debug|Any CPU
		{B8F856DE-108C-4186-91BC-9DBCEDC0001D}.Release|Any CPU.ActiveCfg = Release|Any CPU
		{B8F856DE-108C-4186-91BC-9DBCEDC0001D}.Release|Any CPU.Build.0 = Release|Any CPU
		{95867699-6ED8-4871-8E3B-2E177D9D2CAB}.Debug|Any CPU.ActiveCfg = Debug|Any CPU
		{95867699-6ED8-4871-8E3B-2E177D9D2CAB}.Debug|Any CPU.Build.0 = Debug|Any CPU
		{95867699-6ED8-4871-8E3B-2E177D9D2CAB}.Release|Any CPU.ActiveCfg = Release|Any CPU
		{95867699-6ED8-4871-8E3B-2E177D9D2CAB}.Release|Any CPU.Build.0 = Release|Any CPU
		{D3EF0CAB-E3D9-4DD9-8445-071E9C7E82DA}.Debug|Any CPU.ActiveCfg = Debug|Any CPU
		{D3EF0CAB-E3D9-4DD9-8445-071E9C7E82DA}.Debug|Any CPU.Build.0 = Debug|Any CPU
		{D3EF0CAB-E3D9-4DD9-8445-071E9C7E82DA}.Release|Any CPU.ActiveCfg = Release|Any CPU
		{D3EF0CAB-E3D9-4DD9-8445-071E9C7E82DA}.Release|Any CPU.Build.0 = Release|Any CPU
		{2D1BA8C9-6FC9-4020-9842-AB516748134D}.Debug|Any CPU.ActiveCfg = Debug|Any CPU
		{2D1BA8C9-6FC9-4020-9842-AB516748134D}.Debug|Any CPU.Build.0 = Debug|Any CPU
		{2D1BA8C9-6FC9-4020-9842-AB516748134D}.Release|Any CPU.ActiveCfg = Release|Any CPU
		{2D1BA8C9-6FC9-4020-9842-AB516748134D}.Release|Any CPU.Build.0 = Release|Any CPU
		{0A7FD302-6FCA-4062-B775-1DF0F77CC654}.Debug|Any CPU.ActiveCfg = Debug|Any CPU
		{0A7FD302-6FCA-4062-B775-1DF0F77CC654}.Debug|Any CPU.Build.0 = Debug|Any CPU
		{0A7FD302-6FCA-4062-B775-1DF0F77CC654}.Release|Any CPU.ActiveCfg = Release|Any CPU
		{0A7FD302-6FCA-4062-B775-1DF0F77CC654}.Release|Any CPU.Build.0 = Release|Any CPU
		{EAB358EB-4578-4A05-BE60-4FDDD3753F60}.Debug|Any CPU.ActiveCfg = Debug|Any CPU
		{EAB358EB-4578-4A05-BE60-4FDDD3753F60}.Debug|Any CPU.Build.0 = Debug|Any CPU
		{EAB358EB-4578-4A05-BE60-4FDDD3753F60}.Release|Any CPU.ActiveCfg = Release|Any CPU
		{EAB358EB-4578-4A05-BE60-4FDDD3753F60}.Release|Any CPU.Build.0 = Release|Any CPU
		{F0FA2E4C-54FC-43B3-88D4-F5D7C421A076}.Debug|Any CPU.ActiveCfg = Debug|Any CPU
		{F0FA2E4C-54FC-43B3-88D4-F5D7C421A076}.Debug|Any CPU.Build.0 = Debug|Any CPU
		{F0FA2E4C-54FC-43B3-88D4-F5D7C421A076}.Release|Any CPU.ActiveCfg = Release|Any CPU
		{F0FA2E4C-54FC-43B3-88D4-F5D7C421A076}.Release|Any CPU.Build.0 = Release|Any CPU
		{A079A014-C9CF-453E-9291-9831DE0F77C0}.Debug|Any CPU.ActiveCfg = Debug|Any CPU
		{A079A014-C9CF-453E-9291-9831DE0F77C0}.Debug|Any CPU.Build.0 = Debug|Any CPU
		{A079A014-C9CF-453E-9291-9831DE0F77C0}.Release|Any CPU.ActiveCfg = Release|Any CPU
		{A079A014-C9CF-453E-9291-9831DE0F77C0}.Release|Any CPU.Build.0 = Release|Any CPU
		{C2510F16-C1B1-4A68-B4CB-A2E2F9059E52}.Debug|Any CPU.ActiveCfg = Debug|Any CPU
		{C2510F16-C1B1-4A68-B4CB-A2E2F9059E52}.Debug|Any CPU.Build.0 = Debug|Any CPU
		{C2510F16-C1B1-4A68-B4CB-A2E2F9059E52}.Release|Any CPU.ActiveCfg = Release|Any CPU
		{C2510F16-C1B1-4A68-B4CB-A2E2F9059E52}.Release|Any CPU.Build.0 = Release|Any CPU
		{4461EE38-249D-431D-BB71-AD378FB9D9C0}.Debug|Any CPU.ActiveCfg = Debug|Any CPU
		{4461EE38-249D-431D-BB71-AD378FB9D9C0}.Debug|Any CPU.Build.0 = Debug|Any CPU
		{4461EE38-249D-431D-BB71-AD378FB9D9C0}.Release|Any CPU.ActiveCfg = Release|Any CPU
		{4461EE38-249D-431D-BB71-AD378FB9D9C0}.Release|Any CPU.Build.0 = Release|Any CPU
		{3D030354-76C2-41D9-8D5F-D50C6EDA46B7}.Debug|Any CPU.ActiveCfg = Debug|Any CPU
		{3D030354-76C2-41D9-8D5F-D50C6EDA46B7}.Debug|Any CPU.Build.0 = Debug|Any CPU
		{3D030354-76C2-41D9-8D5F-D50C6EDA46B7}.Release|Any CPU.ActiveCfg = Release|Any CPU
		{3D030354-76C2-41D9-8D5F-D50C6EDA46B7}.Release|Any CPU.Build.0 = Release|Any CPU
		{8D0D53A7-90C1-422C-9C34-212E15BD511C}.Debug|Any CPU.ActiveCfg = Debug|Any CPU
		{8D0D53A7-90C1-422C-9C34-212E15BD511C}.Debug|Any CPU.Build.0 = Debug|Any CPU
		{8D0D53A7-90C1-422C-9C34-212E15BD511C}.Release|Any CPU.ActiveCfg = Release|Any CPU
		{8D0D53A7-90C1-422C-9C34-212E15BD511C}.Release|Any CPU.Build.0 = Release|Any CPU
		{5A7D0FF9-18D5-4668-BB25-BE914D9314E9}.Debug|Any CPU.ActiveCfg = Debug|Any CPU
		{5A7D0FF9-18D5-4668-BB25-BE914D9314E9}.Debug|Any CPU.Build.0 = Debug|Any CPU
		{5A7D0FF9-18D5-4668-BB25-BE914D9314E9}.Release|Any CPU.ActiveCfg = Release|Any CPU
		{5A7D0FF9-18D5-4668-BB25-BE914D9314E9}.Release|Any CPU.Build.0 = Release|Any CPU
		{AB5690BC-E094-4008-B9EA-82B2A7D07BBB}.Debug|Any CPU.ActiveCfg = Debug|Any CPU
		{AB5690BC-E094-4008-B9EA-82B2A7D07BBB}.Debug|Any CPU.Build.0 = Debug|Any CPU
		{AB5690BC-E094-4008-B9EA-82B2A7D07BBB}.Release|Any CPU.ActiveCfg = Release|Any CPU
		{AB5690BC-E094-4008-B9EA-82B2A7D07BBB}.Release|Any CPU.Build.0 = Release|Any CPU
		{6E4B7D27-F209-43AE-BC7A-E47222857FBF}.Debug|Any CPU.ActiveCfg = Debug|Any CPU
		{6E4B7D27-F209-43AE-BC7A-E47222857FBF}.Debug|Any CPU.Build.0 = Debug|Any CPU
		{6E4B7D27-F209-43AE-BC7A-E47222857FBF}.Release|Any CPU.ActiveCfg = Release|Any CPU
		{6E4B7D27-F209-43AE-BC7A-E47222857FBF}.Release|Any CPU.Build.0 = Release|Any CPU
		{68D051D3-38BF-4403-B414-33437E71EB0F}.Debug|Any CPU.ActiveCfg = Debug|Any CPU
		{68D051D3-38BF-4403-B414-33437E71EB0F}.Debug|Any CPU.Build.0 = Debug|Any CPU
		{68D051D3-38BF-4403-B414-33437E71EB0F}.Release|Any CPU.ActiveCfg = Release|Any CPU
		{68D051D3-38BF-4403-B414-33437E71EB0F}.Release|Any CPU.Build.0 = Release|Any CPU
		{3EE8D842-F5C6-4D07-8930-9F08CB9CA9F6}.Debug|Any CPU.ActiveCfg = Debug|Any CPU
		{3EE8D842-F5C6-4D07-8930-9F08CB9CA9F6}.Debug|Any CPU.Build.0 = Debug|Any CPU
		{3EE8D842-F5C6-4D07-8930-9F08CB9CA9F6}.Release|Any CPU.ActiveCfg = Release|Any CPU
		{3EE8D842-F5C6-4D07-8930-9F08CB9CA9F6}.Release|Any CPU.Build.0 = Release|Any CPU
		{B9B79EAB-50FE-4230-8671-E498EF06FB37}.Debug|Any CPU.ActiveCfg = Debug|Any CPU
		{B9B79EAB-50FE-4230-8671-E498EF06FB37}.Debug|Any CPU.Build.0 = Debug|Any CPU
		{B9B79EAB-50FE-4230-8671-E498EF06FB37}.Release|Any CPU.ActiveCfg = Release|Any CPU
		{B9B79EAB-50FE-4230-8671-E498EF06FB37}.Release|Any CPU.Build.0 = Release|Any CPU
		{512C9A18-1A8D-478F-88F9-876B9B4DABB3}.Debug|Any CPU.ActiveCfg = Debug|Any CPU
		{512C9A18-1A8D-478F-88F9-876B9B4DABB3}.Debug|Any CPU.Build.0 = Debug|Any CPU
		{512C9A18-1A8D-478F-88F9-876B9B4DABB3}.Release|Any CPU.ActiveCfg = Release|Any CPU
		{512C9A18-1A8D-478F-88F9-876B9B4DABB3}.Release|Any CPU.Build.0 = Release|Any CPU
		{4CC549AB-E94E-4D7C-AB97-346D7B88BB64}.Debug|Any CPU.ActiveCfg = Debug|Any CPU
		{4CC549AB-E94E-4D7C-AB97-346D7B88BB64}.Debug|Any CPU.Build.0 = Debug|Any CPU
		{4CC549AB-E94E-4D7C-AB97-346D7B88BB64}.Release|Any CPU.ActiveCfg = Release|Any CPU
		{4CC549AB-E94E-4D7C-AB97-346D7B88BB64}.Release|Any CPU.Build.0 = Release|Any CPU
		{B8910465-11F8-4AA7-9445-B125E62BB279}.Debug|Any CPU.ActiveCfg = Debug|Any CPU
		{B8910465-11F8-4AA7-9445-B125E62BB279}.Debug|Any CPU.Build.0 = Debug|Any CPU
		{B8910465-11F8-4AA7-9445-B125E62BB279}.Release|Any CPU.ActiveCfg = Release|Any CPU
		{B8910465-11F8-4AA7-9445-B125E62BB279}.Release|Any CPU.Build.0 = Release|Any CPU
		{BBEE682B-8991-45DC-825C-0ED49B6CA9A2}.Debug|Any CPU.ActiveCfg = Debug|Any CPU
		{BBEE682B-8991-45DC-825C-0ED49B6CA9A2}.Debug|Any CPU.Build.0 = Debug|Any CPU
		{BBEE682B-8991-45DC-825C-0ED49B6CA9A2}.Release|Any CPU.ActiveCfg = Release|Any CPU
		{BBEE682B-8991-45DC-825C-0ED49B6CA9A2}.Release|Any CPU.Build.0 = Release|Any CPU
		{1F97F306-D6F8-4A90-AD1C-E7A0D6983AA5}.Debug|Any CPU.ActiveCfg = Debug|Any CPU
		{1F97F306-D6F8-4A90-AD1C-E7A0D6983AA5}.Debug|Any CPU.Build.0 = Debug|Any CPU
		{1F97F306-D6F8-4A90-AD1C-E7A0D6983AA5}.Release|Any CPU.ActiveCfg = Release|Any CPU
		{1F97F306-D6F8-4A90-AD1C-E7A0D6983AA5}.Release|Any CPU.Build.0 = Release|Any CPU
	EndGlobalSection
	GlobalSection(SolutionProperties) = preSolution
		HideSolutionNode = FALSE
	EndGlobalSection
	GlobalSection(NestedProjects) = preSolution
		{24FFF0E7-DF02-45B3-AE79-5027E5214213} = {D5E64386-20C1-4C57-80DD-974401622329}
		{B8F856DE-108C-4186-91BC-9DBCEDC0001D} = {D5E64386-20C1-4C57-80DD-974401622329}
		{95867699-6ED8-4871-8E3B-2E177D9D2CAB} = {D5E64386-20C1-4C57-80DD-974401622329}
		{D3EF0CAB-E3D9-4DD9-8445-071E9C7E82DA} = {3A03330C-2E14-4B61-9158-EAF037B748AF}
		{2D1BA8C9-6FC9-4020-9842-AB516748134D} = {3A03330C-2E14-4B61-9158-EAF037B748AF}
		{0A7FD302-6FCA-4062-B775-1DF0F77CC654} = {3A03330C-2E14-4B61-9158-EAF037B748AF}
		{EAB358EB-4578-4A05-BE60-4FDDD3753F60} = {0400A1A4-8BC7-4B12-8B45-93A348E0A105}
		{F0FA2E4C-54FC-43B3-88D4-F5D7C421A076} = {0400A1A4-8BC7-4B12-8B45-93A348E0A105}
		{A079A014-C9CF-453E-9291-9831DE0F77C0} = {0400A1A4-8BC7-4B12-8B45-93A348E0A105}
		{C2510F16-C1B1-4A68-B4CB-A2E2F9059E52} = {17F24E68-F8E3-4BC3-A19E-9FCFAAA57FCB}
		{4461EE38-249D-431D-BB71-AD378FB9D9C0} = {17F24E68-F8E3-4BC3-A19E-9FCFAAA57FCB}
		{3D030354-76C2-41D9-8D5F-D50C6EDA46B7} = {17F24E68-F8E3-4BC3-A19E-9FCFAAA57FCB}
		{8D0D53A7-90C1-422C-9C34-212E15BD511C} = {6621E368-7E74-421B-A12D-3D27FB7E8101}
		{5A7D0FF9-18D5-4668-BB25-BE914D9314E9} = {6621E368-7E74-421B-A12D-3D27FB7E8101}
		{AB5690BC-E094-4008-B9EA-82B2A7D07BBB} = {6621E368-7E74-421B-A12D-3D27FB7E8101}
		{6E4B7D27-F209-43AE-BC7A-E47222857FBF} = {914FF933-2A8C-4C3C-949B-9A3F26AE9D44}
		{68D051D3-38BF-4403-B414-33437E71EB0F} = {914FF933-2A8C-4C3C-949B-9A3F26AE9D44}
		{3EE8D842-F5C6-4D07-8930-9F08CB9CA9F6} = {914FF933-2A8C-4C3C-949B-9A3F26AE9D44}
		{B9B79EAB-50FE-4230-8671-E498EF06FB37} = {E3C5D629-A1C2-443F-8BC2-D41002F03303}
		{512C9A18-1A8D-478F-88F9-876B9B4DABB3} = {E3C5D629-A1C2-443F-8BC2-D41002F03303}
		{4CC549AB-E94E-4D7C-AB97-346D7B88BB64} = {E3C5D629-A1C2-443F-8BC2-D41002F03303}
		{B8910465-11F8-4AA7-9445-B125E62BB279} = {079E3407-0B2C-49BB-95E4-11AC6D116A66}
		{BBEE682B-8991-45DC-825C-0ED49B6CA9A2} = {079E3407-0B2C-49BB-95E4-11AC6D116A66}
		{1F97F306-D6F8-4A90-AD1C-E7A0D6983AA5} = {079E3407-0B2C-49BB-95E4-11AC6D116A66}
	EndGlobalSection
	GlobalSection(ExtensibilityGlobals) = postSolution
		SolutionGuid = {0FA7B3A2-C378-429A-B988-E9273DEB90E7}
	EndGlobalSection
EndGlobal
