
Microsoft Visual Studio Solution File, Format Version 12.00
# Visual Studio Version 16
VisualStudioVersion = 16.0.33927.289
MinimumVisualStudioVersion = 10.0.40219.1
Project("{2150E333-8FDC-42A3-9474-1A3956D46DE8}") = "Task0", "Task0", "{D5E64386-20C1-4C57-80DD-974401622329}"
EndProject
Project("{FAE04EC0-301F-11D3-BF4B-00C04F79EFBC}") = "Tyuiu.GoogeRA.Sprint2.Task0.V12.Test", "Tyuiu.GoogeRA.Sprint2.Task0.V12.Test\Tyuiu.GoogeRA.Sprint2.Task0.V12.Test.csproj", "{24FFF0E7-DF02-45B3-AE79-5027E5214213}"
EndProject
Project("{FAE04EC0-301F-11D3-BF4B-00C04F79EFBC}") = "Tyuiu.GoogeRA.Sprint2.Task0.V12.Lib", "Tyuiu.GoogeRA.Sprint2.Task0.V12.Lib\Tyuiu.GoogeRA.Sprint2.Task0.V12.Lib.csproj", "{B8F856DE-108C-4186-91BC-9DBCEDC0001D}"
EndProject
Project("{FAE04EC0-301F-11D3-BF4B-00C04F79EFBC}") = "Tyuiu.GoogeRA.Sprint2.Task0.V12", "Tyuiu.GoogeRA.Sprint2.Task0.V12\Tyuiu.GoogeRA.Sprint2.Task0.V12.csproj", "{95867699-6ED8-4871-8E3B-2E177D9D2CAB}"
EndProject
Project("{2150E333-8FDC-42A3-9474-1A3956D46DE8}") = "Task1", "Task1", "{3A03330C-2E14-4B61-9158-EAF037B748AF}"
EndProject
Project("{FAE04EC0-301F-11D3-BF4B-00C04F79EFBC}") = "Tyuiu.GoogeRA.Sprint2.Task1.V8", "Tyuiu.GoogeRA.Sprint2.Task1.V8\Tyuiu.GoogeRA.Sprint2.Task1.V8.csproj", "{D3EF0CAB-E3D9-4DD9-8445-071E9C7E82DA}"
EndProject
Project("{FAE04EC0-301F-11D3-BF4B-00C04F79EFBC}") = "Tyuiu.GoogeRA.Sprint2.Task1.V8.Lib", "Tyuiu.GoogeRA.Sprint2.Task1.V8.Lib\Tyuiu.GoogeRA.Sprint2.Task1.V8.Lib.csproj", "{2D1BA8C9-6FC9-4020-9842-AB516748134D}"
EndProject
Project("{FAE04EC0-301F-11D3-BF4B-00C04F79EFBC}") = "Tyuiu.GoogeRA.Sprint2.Task1.V8.Test", "Tyuiu.GoogeRA.Sprint2.Task1.V8.Test\Tyuiu.GoogeRA.Sprint2.Task1.V8.Test.csproj", "{0A7FD302-6FCA-4062-B775-1DF0F77CC654}"
EndProject
Project("{2150E333-8FDC-42A3-9474-1A3956D46DE8}") = "Task2", "Task2", "{0400A1A4-8BC7-4B12-8B45-93A348E0A105}"
EndProject
Project("{FAE04EC0-301F-11D3-BF4B-00C04F79EFBC}") = "Tyuiu.GoogeRA.Sprint2.Task2.V29", "Tyuiu.GoogeRA.Sprint2.Task2.V29\Tyuiu.GoogeRA.Sprint2.Task2.V29.csproj", "{EAB358EB-4578-4A05-BE60-4FDDD3753F60}"
EndProject
Project("{FAE04EC0-301F-11D3-BF4B-00C04F79EFBC}") = "Tyuiu.GoogeRA.Sprint2.Task2.V29.Test", "Tyuiu.GoogeRA.Sprint2.Task2.V29.Test\Tyuiu.GoogeRA.Sprint2.Task2.V29.Test.csproj", "{F0FA2E4C-54FC-43B3-88D4-F5D7C421A076}"
EndProject
Project("{FAE04EC0-301F-11D3-BF4B-00C04F79EFBC}") = "Tyuiu.GoogeRA.Sprint2.Task2.V29.Lib", "Tyuiu.GoogeRA.Sprint2.Task2.V29.Lib\Tyuiu.GoogeRA.Sprint2.Task2.V29.Lib.csproj", "{A079A014-C9CF-453E-9291-9831DE0F77C0}"
EndProject
Global
	GlobalSection(SolutionConfigurationPlatforms) = preSolution
		Debug|Any CPU = Debug|Any CPU
		Release|Any CPU = Release|Any CPU
	EndGlobalSection
	GlobalSection(ProjectConfigurationPlatforms) = postSolution
		{24FFF0E7-DF02-45B3-AE79-5027E5214213}.Debug|Any CPU.ActiveCfg = Debug|Any CPU
		{24FFF0E7-DF02-45B3-AE79-5027E5214213}.Debug|Any CPU.Build.0 = Debug|Any CPU
		{24FFF0E7-DF02-45B3-AE79-5027E5214213}.Release|Any CPU.ActiveCfg = Release|Any CPU
		{24FFF0E7-DF02-45B3-AE79-5027E5214213}.Release|Any CPU.Build.0 = Release|Any CPU
		{B8F856DE-108C-4186-91BC-9DBCEDC0001D}.Debug|Any CPU.ActiveCfg = Debug|Any CPU
		{B8F856DE-108C-4186-91BC-9DBCEDC0001D}.Debug|Any CPU.Build.0 = Debug|Any CPU
		{B8F856DE-108C-4186-91BC-9DBCEDC0001D}.Release|Any CPU.ActiveCfg = Release|Any CPU
		{B8F856DE-108C-4186-91BC-9DBCEDC0001D}.Release|Any CPU.Build.0 = Release|Any CPU
		{95867699-6ED8-4871-8E3B-2E177D9D2CAB}.Debug|Any CPU.ActiveCfg = Debug|Any CPU
		{95867699-6ED8-4871-8E3B-2E177D9D2CAB}.Debug|Any CPU.Build.0 = Debug|Any CPU
		{95867699-6ED8-4871-8E3B-2E177D9D2CAB}.Release|Any CPU.ActiveCfg = Release|Any CPU
		{95867699-6ED8-4871-8E3B-2E177D9D2CAB}.Release|Any CPU.Build.0 = Release|Any CPU
		{D3EF0CAB-E3D9-4DD9-8445-071E9C7E82DA}.Debug|Any CPU.ActiveCfg = Debug|Any CPU
		{D3EF0CAB-E3D9-4DD9-8445-071E9C7E82DA}.Debug|Any CPU.Build.0 = Debug|Any CPU
		{D3EF0CAB-E3D9-4DD9-8445-071E9C7E82DA}.Release|Any CPU.ActiveCfg = Release|Any CPU
		{D3EF0CAB-E3D9-4DD9-8445-071E9C7E82DA}.Release|Any CPU.Build.0 = Release|Any CPU
		{2D1BA8C9-6FC9-4020-9842-AB516748134D}.Debug|Any CPU.ActiveCfg = Debug|Any CPU
		{2D1BA8C9-6FC9-4020-9842-AB516748134D}.Debug|Any CPU.Build.0 = Debug|Any CPU
		{2D1BA8C9-6FC9-4020-9842-AB516748134D}.Release|Any CPU.ActiveCfg = Release|Any CPU
		{2D1BA8C9-6FC9-4020-9842-AB516748134D}.Release|Any CPU.Build.0 = Release|Any CPU
		{0A7FD302-6FCA-4062-B775-1DF0F77CC654}.Debug|Any CPU.ActiveCfg = Debug|Any CPU
		{0A7FD302-6FCA-4062-B775-1DF0F77CC654}.Debug|Any CPU.Build.0 = Debug|Any CPU
		{0A7FD302-6FCA-4062-B775-1DF0F77CC654}.Release|Any CPU.ActiveCfg = Release|Any CPU
		{0A7FD302-6FCA-4062-B775-1DF0F77CC654}.Release|Any CPU.Build.0 = Release|Any CPU
		{EAB358EB-4578-4A05-BE60-4FDDD3753F60}.Debug|Any CPU.ActiveCfg = Debug|Any CPU
		{EAB358EB-4578-4A05-BE60-4FDDD3753F60}.Debug|Any CPU.Build.0 = Debug|Any CPU
		{EAB358EB-4578-4A05-BE60-4FDDD3753F60}.Release|Any CPU.ActiveCfg = Release|Any CPU
		{EAB358EB-4578-4A05-BE60-4FDDD3753F60}.Release|Any CPU.Build.0 = Release|Any CPU
		{F0FA2E4C-54FC-43B3-88D4-F5D7C421A076}.Debug|Any CPU.ActiveCfg = Debug|Any CPU
		{F0FA2E4C-54FC-43B3-88D4-F5D7C421A076}.Debug|Any CPU.Build.0 = Debug|Any CPU
		{F0FA2E4C-54FC-43B3-88D4-F5D7C421A076}.Release|Any CPU.ActiveCfg = Release|Any CPU
		{F0FA2E4C-54FC-43B3-88D4-F5D7C421A076}.Release|Any CPU.Build.0 = Release|Any CPU
		{A079A014-C9CF-453E-9291-9831DE0F77C0}.Debug|Any CPU.ActiveCfg = Debug|Any CPU
		{A079A014-C9CF-453E-9291-9831DE0F77C0}.Debug|Any CPU.Build.0 = Debug|Any CPU
		{A079A014-C9CF-453E-9291-9831DE0F77C0}.Release|Any CPU.ActiveCfg = Release|Any CPU
		{A079A014-C9CF-453E-9291-9831DE0F77C0}.Release|Any CPU.Build.0 = Release|Any CPU
	EndGlobalSection
	GlobalSection(SolutionProperties) = preSolution
		HideSolutionNode = FALSE
	EndGlobalSection
	GlobalSection(NestedProjects) = preSolution
		{24FFF0E7-DF02-45B3-AE79-5027E5214213} = {D5E64386-20C1-4C57-80DD-974401622329}
		{B8F856DE-108C-4186-91BC-9DBCEDC0001D} = {D5E64386-20C1-4C57-80DD-974401622329}
		{95867699-6ED8-4871-8E3B-2E177D9D2CAB} = {D5E64386-20C1-4C57-80DD-974401622329}
		{D3EF0CAB-E3D9-4DD9-8445-071E9C7E82DA} = {3A03330C-2E14-4B61-9158-EAF037B748AF}
		{2D1BA8C9-6FC9-4020-9842-AB516748134D} = {3A03330C-2E14-4B61-9158-EAF037B748AF}
		{0A7FD302-6FCA-4062-B775-1DF0F77CC654} = {3A03330C-2E14-4B61-9158-EAF037B748AF}
		{EAB358EB-4578-4A05-BE60-4FDDD3753F60} = {0400A1A4-8BC7-4B12-8B45-93A348E0A105}
		{F0FA2E4C-54FC-43B3-88D4-F5D7C421A076} = {0400A1A4-8BC7-4B12-8B45-93A348E0A105}
		{A079A014-C9CF-453E-9291-9831DE0F77C0} = {0400A1A4-8BC7-4B12-8B45-93A348E0A105}
	EndGlobalSection
	GlobalSection(ExtensibilityGlobals) = postSolution
		SolutionGuid = {0FA7B3A2-C378-429A-B988-E9273DEB90E7}
	EndGlobalSection
EndGlobal
